schema: '2.0'
stages:
  load:
    cmd: poetry run python .\scripts\load.py wine
    deps:
    - path: .\scripts\load.py
      hash: md5
      md5: 409db8ad71c9fe8e059aad842de17ea4
      size: 383
  load@wine:
    cmd: poetry run python ./scripts/load.py wine
    deps:
    - path: ./scripts/load.py
      hash: md5
      md5: 5684c1bc030a99f72a03dabece557751
      size: 377
  preprocess@wine:
    cmd: poetry run python ./scripts/preprocess.py wine
    deps:
    - path: ./scripts/preprocess.py
      hash: md5
      md5: 3b8560350af19674fd010daf81284e4d
      size: 514
    outs:
    - path: ./data/processed/wine.csv
      hash: md5
      md5: 721feafda5e794af9abd5bac9b8327d4
      size: 12261
